
Microsoft Visual Studio Solution File, Format Version 12.00
# Visual Studio Version 17
VisualStudioVersion = 17.9.34723.18
MinimumVisualStudioVersion = 10.0.40219.1
Project("{FAE04EC0-301F-11D3-BF4B-00C04F79EFBC}") = "BancoThinkLab2", "BancoThinkLab2.csproj", "{F4E2E323-68E1-4C3B-9223-6A33B529EAA9}"
EndProject
Global
	GlobalSection(SolutionConfigurationPlatforms) = preSolution
		Debug|Any CPU = Debug|Any CPU
		Release|Any CPU = Release|Any CPU
	EndGlobalSection
	GlobalSection(ProjectConfigurationPlatforms) = postSolution
		{F4E2E323-68E1-4C3B-9223-6A33B529EAA9}.Debug|Any CPU.ActiveCfg = Debug|Any CPU
		{F4E2E323-68E1-4C3B-9223-6A33B529EAA9}.Debug|Any CPU.Build.0 = Debug|Any CPU
		{F4E2E323-68E1-4C3B-9223-6A33B529EAA9}.Release|Any CPU.ActiveCfg = Release|Any CPU
		{F4E2E323-68E1-4C3B-9223-6A33B529EAA9}.Release|Any CPU.Build.0 = Release|Any CPU
	EndGlobalSection
	GlobalSection(SolutionProperties) = preSolution
		HideSolutionNode = FALSE
	EndGlobalSection
	GlobalSection(ExtensibilityGlobals) = postSolution
		SolutionGuid = {E219014A-C0EC-49EF-B475-6781A91497ED}
	EndGlobalSection
EndGlobal
